
Microsoft Visual Studio Solution File, Format Version 12.00
# Visual Studio 14
VisualStudioVersion = 14.0.25420.1
MinimumVisualStudioVersion = 10.0.40219.1
Project("{FAE04EC0-301F-11D3-BF4B-00C04F79EFBC}") = "webservice", "webservice\webservice\webservice.csproj", "{CEA23A37-4505-41A2-97C7-AC506D6E0976}"
EndProject
Project("{FAE04EC0-301F-11D3-BF4B-00C04F79EFBC}") = "webservice.Droid", "webservice\webservice.Droid\webservice.Droid.csproj", "{31DF58D1-8876-42C6-9BE0-9693B3057CBB}"
EndProject
Project("{FAE04EC0-301F-11D3-BF4B-00C04F79EFBC}") = "webservice.iOS", "webservice\webservice.iOS\webservice.iOS.csproj", "{2405DB5A-F2A9-4319-8699-ECA2A80326E4}"
EndProject
Project("{FAE04EC0-301F-11D3-BF4B-00C04F79EFBC}") = "webservice.WinPhone", "webservice\webservice.WinPhone\webservice.WinPhone.csproj", "{F75130EE-C03E-4D85-8705-E8E4CA094D7B}"
EndProject
Project("{FAE04EC0-301F-11D3-BF4B-00C04F79EFBC}") = "webservice.Windows", "webservice\webservice.Windows\webservice.Windows.csproj", "{404F442A-BE73-4CC2-BC2B-33F3061A690D}"
EndProject
Global
	GlobalSection(SolutionConfigurationPlatforms) = preSolution
		Ad-Hoc|Any CPU = Ad-Hoc|Any CPU
		Ad-Hoc|ARM = Ad-Hoc|ARM
		Ad-Hoc|iPhone = Ad-Hoc|iPhone
		Ad-Hoc|iPhoneSimulator = Ad-Hoc|iPhoneSimulator
		Ad-Hoc|x64 = Ad-Hoc|x64
		Ad-Hoc|x86 = Ad-Hoc|x86
		AppStore|Any CPU = AppStore|Any CPU
		AppStore|ARM = AppStore|ARM
		AppStore|iPhone = AppStore|iPhone
		AppStore|iPhoneSimulator = AppStore|iPhoneSimulator
		AppStore|x64 = AppStore|x64
		AppStore|x86 = AppStore|x86
		Debug|Any CPU = Debug|Any CPU
		Debug|ARM = Debug|ARM
		Debug|iPhone = Debug|iPhone
		Debug|iPhoneSimulator = Debug|iPhoneSimulator
		Debug|x64 = Debug|x64
		Debug|x86 = Debug|x86
		Release|Any CPU = Release|Any CPU
		Release|ARM = Release|ARM
		Release|iPhone = Release|iPhone
		Release|iPhoneSimulator = Release|iPhoneSimulator
		Release|x64 = Release|x64
		Release|x86 = Release|x86
	EndGlobalSection
	GlobalSection(ProjectConfigurationPlatforms) = postSolution
		{CEA23A37-4505-41A2-97C7-AC506D6E0976}.Ad-Hoc|Any CPU.ActiveCfg = Release|Any CPU
		{CEA23A37-4505-41A2-97C7-AC506D6E0976}.Ad-Hoc|Any CPU.Build.0 = Release|Any CPU
		{CEA23A37-4505-41A2-97C7-AC506D6E0976}.Ad-Hoc|ARM.ActiveCfg = Release|Any CPU
		{CEA23A37-4505-41A2-97C7-AC506D6E0976}.Ad-Hoc|ARM.Build.0 = Release|Any CPU
		{CEA23A37-4505-41A2-97C7-AC506D6E0976}.Ad-Hoc|iPhone.ActiveCfg = Release|Any CPU
		{CEA23A37-4505-41A2-97C7-AC506D6E0976}.Ad-Hoc|iPhone.Build.0 = Release|Any CPU
		{CEA23A37-4505-41A2-97C7-AC506D6E0976}.Ad-Hoc|iPhoneSimulator.ActiveCfg = Release|Any CPU
		{CEA23A37-4505-41A2-97C7-AC506D6E0976}.Ad-Hoc|iPhoneSimulator.Build.0 = Release|Any CPU
		{CEA23A37-4505-41A2-97C7-AC506D6E0976}.Ad-Hoc|x64.ActiveCfg = Release|Any CPU
		{CEA23A37-4505-41A2-97C7-AC506D6E0976}.Ad-Hoc|x64.Build.0 = Release|Any CPU
		{CEA23A37-4505-41A2-97C7-AC506D6E0976}.Ad-Hoc|x86.ActiveCfg = Release|Any CPU
		{CEA23A37-4505-41A2-97C7-AC506D6E0976}.Ad-Hoc|x86.Build.0 = Release|Any CPU
		{CEA23A37-4505-41A2-97C7-AC506D6E0976}.AppStore|Any CPU.ActiveCfg = Release|Any CPU
		{CEA23A37-4505-41A2-97C7-AC506D6E0976}.AppStore|Any CPU.Build.0 = Release|Any CPU
		{CEA23A37-4505-41A2-97C7-AC506D6E0976}.AppStore|ARM.ActiveCfg = Release|Any CPU
		{CEA23A37-4505-41A2-97C7-AC506D6E0976}.AppStore|ARM.Build.0 = Release|Any CPU
		{CEA23A37-4505-41A2-97C7-AC506D6E0976}.AppStore|iPhone.ActiveCfg = Release|Any CPU
		{CEA23A37-4505-41A2-97C7-AC506D6E0976}.AppStore|iPhone.Build.0 = Release|Any CPU
		{CEA23A37-4505-41A2-97C7-AC506D6E0976}.AppStore|iPhoneSimulator.ActiveCfg = Release|Any CPU
		{CEA23A37-4505-41A2-97C7-AC506D6E0976}.AppStore|iPhoneSimulator.Build.0 = Release|Any CPU
		{CEA23A37-4505-41A2-97C7-AC506D6E0976}.AppStore|x64.ActiveCfg = Release|Any CPU
		{CEA23A37-4505-41A2-97C7-AC506D6E0976}.AppStore|x64.Build.0 = Release|Any CPU
		{CEA23A37-4505-41A2-97C7-AC506D6E0976}.AppStore|x86.ActiveCfg = Release|Any CPU
		{CEA23A37-4505-41A2-97C7-AC506D6E0976}.AppStore|x86.Build.0 = Release|Any CPU
		{CEA23A37-4505-41A2-97C7-AC506D6E0976}.Debug|Any CPU.ActiveCfg = Debug|Any CPU
		{CEA23A37-4505-41A2-97C7-AC506D6E0976}.Debug|Any CPU.Build.0 = Debug|Any CPU
		{CEA23A37-4505-41A2-97C7-AC506D6E0976}.Debug|ARM.ActiveCfg = Debug|Any CPU
		{CEA23A37-4505-41A2-97C7-AC506D6E0976}.Debug|ARM.Build.0 = Debug|Any CPU
		{CEA23A37-4505-41A2-97C7-AC506D6E0976}.Debug|iPhone.ActiveCfg = Debug|Any CPU
		{CEA23A37-4505-41A2-97C7-AC506D6E0976}.Debug|iPhone.Build.0 = Debug|Any CPU
		{CEA23A37-4505-41A2-97C7-AC506D6E0976}.Debug|iPhoneSimulator.ActiveCfg = Debug|Any CPU
		{CEA23A37-4505-41A2-97C7-AC506D6E0976}.Debug|iPhoneSimulator.Build.0 = Debug|Any CPU
		{CEA23A37-4505-41A2-97C7-AC506D6E0976}.Debug|x64.ActiveCfg = Debug|Any CPU
		{CEA23A37-4505-41A2-97C7-AC506D6E0976}.Debug|x64.Build.0 = Debug|Any CPU
		{CEA23A37-4505-41A2-97C7-AC506D6E0976}.Debug|x86.ActiveCfg = Debug|Any CPU
		{CEA23A37-4505-41A2-97C7-AC506D6E0976}.Debug|x86.Build.0 = Debug|Any CPU
		{CEA23A37-4505-41A2-97C7-AC506D6E0976}.Release|Any CPU.ActiveCfg = Release|Any CPU
		{CEA23A37-4505-41A2-97C7-AC506D6E0976}.Release|Any CPU.Build.0 = Release|Any CPU
		{CEA23A37-4505-41A2-97C7-AC506D6E0976}.Release|ARM.ActiveCfg = Release|Any CPU
		{CEA23A37-4505-41A2-97C7-AC506D6E0976}.Release|ARM.Build.0 = Release|Any CPU
		{CEA23A37-4505-41A2-97C7-AC506D6E0976}.Release|iPhone.ActiveCfg = Release|Any CPU
		{CEA23A37-4505-41A2-97C7-AC506D6E0976}.Release|iPhone.Build.0 = Release|Any CPU
		{CEA23A37-4505-41A2-97C7-AC506D6E0976}.Release|iPhoneSimulator.ActiveCfg = Release|Any CPU
		{CEA23A37-4505-41A2-97C7-AC506D6E0976}.Release|iPhoneSimulator.Build.0 = Release|Any CPU
		{CEA23A37-4505-41A2-97C7-AC506D6E0976}.Release|x64.ActiveCfg = Release|Any CPU
		{CEA23A37-4505-41A2-97C7-AC506D6E0976}.Release|x64.Build.0 = Release|Any CPU
		{CEA23A37-4505-41A2-97C7-AC506D6E0976}.Release|x86.ActiveCfg = Release|Any CPU
		{CEA23A37-4505-41A2-97C7-AC506D6E0976}.Release|x86.Build.0 = Release|Any CPU
		{31DF58D1-8876-42C6-9BE0-9693B3057CBB}.Ad-Hoc|Any CPU.ActiveCfg = Release|Any CPU
		{31DF58D1-8876-42C6-9BE0-9693B3057CBB}.Ad-Hoc|Any CPU.Build.0 = Release|Any CPU
		{31DF58D1-8876-42C6-9BE0-9693B3057CBB}.Ad-Hoc|Any CPU.Deploy.0 = Release|Any CPU
		{31DF58D1-8876-42C6-9BE0-9693B3057CBB}.Ad-Hoc|ARM.ActiveCfg = Release|Any CPU
		{31DF58D1-8876-42C6-9BE0-9693B3057CBB}.Ad-Hoc|ARM.Build.0 = Release|Any CPU
		{31DF58D1-8876-42C6-9BE0-9693B3057CBB}.Ad-Hoc|ARM.Deploy.0 = Release|Any CPU
		{31DF58D1-8876-42C6-9BE0-9693B3057CBB}.Ad-Hoc|iPhone.ActiveCfg = Release|Any CPU
		{31DF58D1-8876-42C6-9BE0-9693B3057CBB}.Ad-Hoc|iPhone.Build.0 = Release|Any CPU
		{31DF58D1-8876-42C6-9BE0-9693B3057CBB}.Ad-Hoc|iPhone.Deploy.0 = Release|Any CPU
		{31DF58D1-8876-42C6-9BE0-9693B3057CBB}.Ad-Hoc|iPhoneSimulator.ActiveCfg = Release|Any CPU
		{31DF58D1-8876-42C6-9BE0-9693B3057CBB}.Ad-Hoc|iPhoneSimulator.Build.0 = Release|Any CPU
		{31DF58D1-8876-42C6-9BE0-9693B3057CBB}.Ad-Hoc|iPhoneSimulator.Deploy.0 = Release|Any CPU
		{31DF58D1-8876-42C6-9BE0-9693B3057CBB}.Ad-Hoc|x64.ActiveCfg = Release|Any CPU
		{31DF58D1-8876-42C6-9BE0-9693B3057CBB}.Ad-Hoc|x64.Build.0 = Release|Any CPU
		{31DF58D1-8876-42C6-9BE0-9693B3057CBB}.Ad-Hoc|x64.Deploy.0 = Release|Any CPU
		{31DF58D1-8876-42C6-9BE0-9693B3057CBB}.Ad-Hoc|x86.ActiveCfg = Release|Any CPU
		{31DF58D1-8876-42C6-9BE0-9693B3057CBB}.Ad-Hoc|x86.Build.0 = Release|Any CPU
		{31DF58D1-8876-42C6-9BE0-9693B3057CBB}.Ad-Hoc|x86.Deploy.0 = Release|Any CPU
		{31DF58D1-8876-42C6-9BE0-9693B3057CBB}.AppStore|Any CPU.ActiveCfg = Release|Any CPU
		{31DF58D1-8876-42C6-9BE0-9693B3057CBB}.AppStore|Any CPU.Build.0 = Release|Any CPU
		{31DF58D1-8876-42C6-9BE0-9693B3057CBB}.AppStore|Any CPU.Deploy.0 = Release|Any CPU
		{31DF58D1-8876-42C6-9BE0-9693B3057CBB}.AppStore|ARM.ActiveCfg = Release|Any CPU
		{31DF58D1-8876-42C6-9BE0-9693B3057CBB}.AppStore|ARM.Build.0 = Release|Any CPU
		{31DF58D1-8876-42C6-9BE0-9693B3057CBB}.AppStore|ARM.Deploy.0 = Release|Any CPU
		{31DF58D1-8876-42C6-9BE0-9693B3057CBB}.AppStore|iPhone.ActiveCfg = Release|Any CPU
		{31DF58D1-8876-42C6-9BE0-9693B3057CBB}.AppStore|iPhone.Build.0 = Release|Any CPU
		{31DF58D1-8876-42C6-9BE0-9693B3057CBB}.AppStore|iPhone.Deploy.0 = Release|Any CPU
		{31DF58D1-8876-42C6-9BE0-9693B3057CBB}.AppStore|iPhoneSimulator.ActiveCfg = Release|Any CPU
		{31DF58D1-8876-42C6-9BE0-9693B3057CBB}.AppStore|iPhoneSimulator.Build.0 = Release|Any CPU
		{31DF58D1-8876-42C6-9BE0-9693B3057CBB}.AppStore|iPhoneSimulator.Deploy.0 = Release|Any CPU
		{31DF58D1-8876-42C6-9BE0-9693B3057CBB}.AppStore|x64.ActiveCfg = Release|Any CPU
		{31DF58D1-8876-42C6-9BE0-9693B3057CBB}.AppStore|x64.Build.0 = Release|Any CPU
		{31DF58D1-8876-42C6-9BE0-9693B3057CBB}.AppStore|x64.Deploy.0 = Release|Any CPU
		{31DF58D1-8876-42C6-9BE0-9693B3057CBB}.AppStore|x86.ActiveCfg = Release|Any CPU
		{31DF58D1-8876-42C6-9BE0-9693B3057CBB}.AppStore|x86.Build.0 = Release|Any CPU
		{31DF58D1-8876-42C6-9BE0-9693B3057CBB}.AppStore|x86.Deploy.0 = Release|Any CPU
		{31DF58D1-8876-42C6-9BE0-9693B3057CBB}.Debug|Any CPU.ActiveCfg = Debug|Any CPU
		{31DF58D1-8876-42C6-9BE0-9693B3057CBB}.Debug|Any CPU.Build.0 = Debug|Any CPU
		{31DF58D1-8876-42C6-9BE0-9693B3057CBB}.Debug|Any CPU.Deploy.0 = Debug|Any CPU
		{31DF58D1-8876-42C6-9BE0-9693B3057CBB}.Debug|ARM.ActiveCfg = Debug|Any CPU
		{31DF58D1-8876-42C6-9BE0-9693B3057CBB}.Debug|ARM.Build.0 = Debug|Any CPU
		{31DF58D1-8876-42C6-9BE0-9693B3057CBB}.Debug|ARM.Deploy.0 = Debug|Any CPU
		{31DF58D1-8876-42C6-9BE0-9693B3057CBB}.Debug|iPhone.ActiveCfg = Debug|Any CPU
		{31DF58D1-8876-42C6-9BE0-9693B3057CBB}.Debug|iPhone.Build.0 = Debug|Any CPU
		{31DF58D1-8876-42C6-9BE0-9693B3057CBB}.Debug|iPhone.Deploy.0 = Debug|Any CPU
		{31DF58D1-8876-42C6-9BE0-9693B3057CBB}.Debug|iPhoneSimulator.ActiveCfg = Debug|Any CPU
		{31DF58D1-8876-42C6-9BE0-9693B3057CBB}.Debug|iPhoneSimulator.Build.0 = Debug|Any CPU
		{31DF58D1-8876-42C6-9BE0-9693B3057CBB}.Debug|iPhoneSimulator.Deploy.0 = Debug|Any CPU
		{31DF58D1-8876-42C6-9BE0-9693B3057CBB}.Debug|x64.ActiveCfg = Debug|Any CPU
		{31DF58D1-8876-42C6-9BE0-9693B3057CBB}.Debug|x64.Build.0 = Debug|Any CPU
		{31DF58D1-8876-42C6-9BE0-9693B3057CBB}.Debug|x64.Deploy.0 = Debug|Any CPU
		{31DF58D1-8876-42C6-9BE0-9693B3057CBB}.Debug|x86.ActiveCfg = Debug|Any CPU
		{31DF58D1-8876-42C6-9BE0-9693B3057CBB}.Debug|x86.Build.0 = Debug|Any CPU
		{31DF58D1-8876-42C6-9BE0-9693B3057CBB}.Debug|x86.Deploy.0 = Debug|Any CPU
		{31DF58D1-8876-42C6-9BE0-9693B3057CBB}.Release|Any CPU.ActiveCfg = Release|Any CPU
		{31DF58D1-8876-42C6-9BE0-9693B3057CBB}.Release|Any CPU.Build.0 = Release|Any CPU
		{31DF58D1-8876-42C6-9BE0-9693B3057CBB}.Release|Any CPU.Deploy.0 = Release|Any CPU
		{31DF58D1-8876-42C6-9BE0-9693B3057CBB}.Release|ARM.ActiveCfg = Release|Any CPU
		{31DF58D1-8876-42C6-9BE0-9693B3057CBB}.Release|ARM.Build.0 = Release|Any CPU
		{31DF58D1-8876-42C6-9BE0-9693B3057CBB}.Release|ARM.Deploy.0 = Release|Any CPU
		{31DF58D1-8876-42C6-9BE0-9693B3057CBB}.Release|iPhone.ActiveCfg = Release|Any CPU
		{31DF58D1-8876-42C6-9BE0-9693B3057CBB}.Release|iPhone.Build.0 = Release|Any CPU
		{31DF58D1-8876-42C6-9BE0-9693B3057CBB}.Release|iPhone.Deploy.0 = Release|Any CPU
		{31DF58D1-8876-42C6-9BE0-9693B3057CBB}.Release|iPhoneSimulator.ActiveCfg = Release|Any CPU
		{31DF58D1-8876-42C6-9BE0-9693B3057CBB}.Release|iPhoneSimulator.Build.0 = Release|Any CPU
		{31DF58D1-8876-42C6-9BE0-9693B3057CBB}.Release|iPhoneSimulator.Deploy.0 = Release|Any CPU
		{31DF58D1-8876-42C6-9BE0-9693B3057CBB}.Release|x64.ActiveCfg = Release|Any CPU
		{31DF58D1-8876-42C6-9BE0-9693B3057CBB}.Release|x64.Build.0 = Release|Any CPU
		{31DF58D1-8876-42C6-9BE0-9693B3057CBB}.Release|x64.Deploy.0 = Release|Any CPU
		{31DF58D1-8876-42C6-9BE0-9693B3057CBB}.Release|x86.ActiveCfg = Release|Any CPU
		{31DF58D1-8876-42C6-9BE0-9693B3057CBB}.Release|x86.Build.0 = Release|Any CPU
		{31DF58D1-8876-42C6-9BE0-9693B3057CBB}.Release|x86.Deploy.0 = Release|Any CPU
		{2405DB5A-F2A9-4319-8699-ECA2A80326E4}.Ad-Hoc|Any CPU.ActiveCfg = Ad-Hoc|iPhone
		{2405DB5A-F2A9-4319-8699-ECA2A80326E4}.Ad-Hoc|ARM.ActiveCfg = Ad-Hoc|iPhone
		{2405DB5A-F2A9-4319-8699-ECA2A80326E4}.Ad-Hoc|iPhone.ActiveCfg = Ad-Hoc|iPhone
		{2405DB5A-F2A9-4319-8699-ECA2A80326E4}.Ad-Hoc|iPhone.Build.0 = Ad-Hoc|iPhone
		{2405DB5A-F2A9-4319-8699-ECA2A80326E4}.Ad-Hoc|iPhoneSimulator.ActiveCfg = Ad-Hoc|iPhoneSimulator
		{2405DB5A-F2A9-4319-8699-ECA2A80326E4}.Ad-Hoc|iPhoneSimulator.Build.0 = Ad-Hoc|iPhoneSimulator
		{2405DB5A-F2A9-4319-8699-ECA2A80326E4}.Ad-Hoc|x64.ActiveCfg = Ad-Hoc|iPhone
		{2405DB5A-F2A9-4319-8699-ECA2A80326E4}.Ad-Hoc|x86.ActiveCfg = Ad-Hoc|iPhone
		{2405DB5A-F2A9-4319-8699-ECA2A80326E4}.AppStore|Any CPU.ActiveCfg = AppStore|iPhone
		{2405DB5A-F2A9-4319-8699-ECA2A80326E4}.AppStore|ARM.ActiveCfg = AppStore|iPhone
		{2405DB5A-F2A9-4319-8699-ECA2A80326E4}.AppStore|iPhone.ActiveCfg = AppStore|iPhone
		{2405DB5A-F2A9-4319-8699-ECA2A80326E4}.AppStore|iPhone.Build.0 = AppStore|iPhone
		{2405DB5A-F2A9-4319-8699-ECA2A80326E4}.AppStore|iPhoneSimulator.ActiveCfg = AppStore|iPhoneSimulator
		{2405DB5A-F2A9-4319-8699-ECA2A80326E4}.AppStore|iPhoneSimulator.Build.0 = AppStore|iPhoneSimulator
		{2405DB5A-F2A9-4319-8699-ECA2A80326E4}.AppStore|x64.ActiveCfg = AppStore|iPhone
		{2405DB5A-F2A9-4319-8699-ECA2A80326E4}.AppStore|x86.ActiveCfg = AppStore|iPhone
		{2405DB5A-F2A9-4319-8699-ECA2A80326E4}.Debug|Any CPU.ActiveCfg = Debug|iPhone
		{2405DB5A-F2A9-4319-8699-ECA2A80326E4}.Debug|ARM.ActiveCfg = Debug|iPhone
		{2405DB5A-F2A9-4319-8699-ECA2A80326E4}.Debug|iPhone.ActiveCfg = Debug|iPhone
		{2405DB5A-F2A9-4319-8699-ECA2A80326E4}.Debug|iPhone.Build.0 = Debug|iPhone
		{2405DB5A-F2A9-4319-8699-ECA2A80326E4}.Debug|iPhoneSimulator.ActiveCfg = Debug|iPhoneSimulator
		{2405DB5A-F2A9-4319-8699-ECA2A80326E4}.Debug|iPhoneSimulator.Build.0 = Debug|iPhoneSimulator
		{2405DB5A-F2A9-4319-8699-ECA2A80326E4}.Debug|x64.ActiveCfg = Debug|iPhone
		{2405DB5A-F2A9-4319-8699-ECA2A80326E4}.Debug|x86.ActiveCfg = Debug|iPhone
		{2405DB5A-F2A9-4319-8699-ECA2A80326E4}.Release|Any CPU.ActiveCfg = Release|iPhone
		{2405DB5A-F2A9-4319-8699-ECA2A80326E4}.Release|ARM.ActiveCfg = Release|iPhone
		{2405DB5A-F2A9-4319-8699-ECA2A80326E4}.Release|iPhone.ActiveCfg = Release|iPhone
		{2405DB5A-F2A9-4319-8699-ECA2A80326E4}.Release|iPhone.Build.0 = Release|iPhone
		{2405DB5A-F2A9-4319-8699-ECA2A80326E4}.Release|iPhoneSimulator.ActiveCfg = Release|iPhoneSimulator
		{2405DB5A-F2A9-4319-8699-ECA2A80326E4}.Release|iPhoneSimulator.Build.0 = Release|iPhoneSimulator
		{2405DB5A-F2A9-4319-8699-ECA2A80326E4}.Release|x64.ActiveCfg = Release|iPhone
		{2405DB5A-F2A9-4319-8699-ECA2A80326E4}.Release|x86.ActiveCfg = Release|iPhone
		{F75130EE-C03E-4D85-8705-E8E4CA094D7B}.Ad-Hoc|Any CPU.ActiveCfg = Release|Any CPU
		{F75130EE-C03E-4D85-8705-E8E4CA094D7B}.Ad-Hoc|Any CPU.Build.0 = Release|Any CPU
		{F75130EE-C03E-4D85-8705-E8E4CA094D7B}.Ad-Hoc|Any CPU.Deploy.0 = Release|Any CPU
		{F75130EE-C03E-4D85-8705-E8E4CA094D7B}.Ad-Hoc|ARM.ActiveCfg = Release|ARM
		{F75130EE-C03E-4D85-8705-E8E4CA094D7B}.Ad-Hoc|ARM.Build.0 = Release|ARM
		{F75130EE-C03E-4D85-8705-E8E4CA094D7B}.Ad-Hoc|ARM.Deploy.0 = Release|ARM
		{F75130EE-C03E-4D85-8705-E8E4CA094D7B}.Ad-Hoc|iPhone.ActiveCfg = Release|Any CPU
		{F75130EE-C03E-4D85-8705-E8E4CA094D7B}.Ad-Hoc|iPhone.Build.0 = Release|Any CPU
		{F75130EE-C03E-4D85-8705-E8E4CA094D7B}.Ad-Hoc|iPhone.Deploy.0 = Release|Any CPU
		{F75130EE-C03E-4D85-8705-E8E4CA094D7B}.Ad-Hoc|iPhoneSimulator.ActiveCfg = Release|Any CPU
		{F75130EE-C03E-4D85-8705-E8E4CA094D7B}.Ad-Hoc|iPhoneSimulator.Build.0 = Release|Any CPU
		{F75130EE-C03E-4D85-8705-E8E4CA094D7B}.Ad-Hoc|iPhoneSimulator.Deploy.0 = Release|Any CPU
		{F75130EE-C03E-4D85-8705-E8E4CA094D7B}.Ad-Hoc|x64.ActiveCfg = Release|Any CPU
		{F75130EE-C03E-4D85-8705-E8E4CA094D7B}.Ad-Hoc|x64.Build.0 = Release|Any CPU
		{F75130EE-C03E-4D85-8705-E8E4CA094D7B}.Ad-Hoc|x64.Deploy.0 = Release|Any CPU
		{F75130EE-C03E-4D85-8705-E8E4CA094D7B}.Ad-Hoc|x86.ActiveCfg = Release|x86
		{F75130EE-C03E-4D85-8705-E8E4CA094D7B}.Ad-Hoc|x86.Build.0 = Release|x86
		{F75130EE-C03E-4D85-8705-E8E4CA094D7B}.Ad-Hoc|x86.Deploy.0 = Release|x86
		{F75130EE-C03E-4D85-8705-E8E4CA094D7B}.AppStore|Any CPU.ActiveCfg = Release|Any CPU
		{F75130EE-C03E-4D85-8705-E8E4CA094D7B}.AppStore|Any CPU.Build.0 = Release|Any CPU
		{F75130EE-C03E-4D85-8705-E8E4CA094D7B}.AppStore|Any CPU.Deploy.0 = Release|Any CPU
		{F75130EE-C03E-4D85-8705-E8E4CA094D7B}.AppStore|ARM.ActiveCfg = Release|ARM
		{F75130EE-C03E-4D85-8705-E8E4CA094D7B}.AppStore|ARM.Build.0 = Release|ARM
		{F75130EE-C03E-4D85-8705-E8E4CA094D7B}.AppStore|ARM.Deploy.0 = Release|ARM
		{F75130EE-C03E-4D85-8705-E8E4CA094D7B}.AppStore|iPhone.ActiveCfg = Release|Any CPU
		{F75130EE-C03E-4D85-8705-E8E4CA094D7B}.AppStore|iPhone.Build.0 = Release|Any CPU
		{F75130EE-C03E-4D85-8705-E8E4CA094D7B}.AppStore|iPhone.Deploy.0 = Release|Any CPU
		{F75130EE-C03E-4D85-8705-E8E4CA094D7B}.AppStore|iPhoneSimulator.ActiveCfg = Release|Any CPU
		{F75130EE-C03E-4D85-8705-E8E4CA094D7B}.AppStore|iPhoneSimulator.Build.0 = Release|Any CPU
		{F75130EE-C03E-4D85-8705-E8E4CA094D7B}.AppStore|iPhoneSimulator.Deploy.0 = Release|Any CPU
		{F75130EE-C03E-4D85-8705-E8E4CA094D7B}.AppStore|x64.ActiveCfg = Release|Any CPU
		{F75130EE-C03E-4D85-8705-E8E4CA094D7B}.AppStore|x64.Build.0 = Release|Any CPU
		{F75130EE-C03E-4D85-8705-E8E4CA094D7B}.AppStore|x64.Deploy.0 = Release|Any CPU
		{F75130EE-C03E-4D85-8705-E8E4CA094D7B}.AppStore|x86.ActiveCfg = Release|x86
		{F75130EE-C03E-4D85-8705-E8E4CA094D7B}.AppStore|x86.Build.0 = Release|x86
		{F75130EE-C03E-4D85-8705-E8E4CA094D7B}.AppStore|x86.Deploy.0 = Release|x86
		{F75130EE-C03E-4D85-8705-E8E4CA094D7B}.Debug|Any CPU.ActiveCfg = Debug|Any CPU
		{F75130EE-C03E-4D85-8705-E8E4CA094D7B}.Debug|Any CPU.Build.0 = Debug|Any CPU
		{F75130EE-C03E-4D85-8705-E8E4CA094D7B}.Debug|Any CPU.Deploy.0 = Debug|Any CPU
		{F75130EE-C03E-4D85-8705-E8E4CA094D7B}.Debug|ARM.ActiveCfg = Debug|ARM
		{F75130EE-C03E-4D85-8705-E8E4CA094D7B}.Debug|ARM.Build.0 = Debug|ARM
		{F75130EE-C03E-4D85-8705-E8E4CA094D7B}.Debug|ARM.Deploy.0 = Debug|ARM
		{F75130EE-C03E-4D85-8705-E8E4CA094D7B}.Debug|iPhone.ActiveCfg = Debug|Any CPU
		{F75130EE-C03E-4D85-8705-E8E4CA094D7B}.Debug|iPhone.Build.0 = Debug|Any CPU
		{F75130EE-C03E-4D85-8705-E8E4CA094D7B}.Debug|iPhone.Deploy.0 = Debug|Any CPU
		{F75130EE-C03E-4D85-8705-E8E4CA094D7B}.Debug|iPhoneSimulator.ActiveCfg = Debug|Any CPU
		{F75130EE-C03E-4D85-8705-E8E4CA094D7B}.Debug|iPhoneSimulator.Build.0 = Debug|Any CPU
		{F75130EE-C03E-4D85-8705-E8E4CA094D7B}.Debug|iPhoneSimulator.Deploy.0 = Debug|Any CPU
		{F75130EE-C03E-4D85-8705-E8E4CA094D7B}.Debug|x64.ActiveCfg = Debug|Any CPU
		{F75130EE-C03E-4D85-8705-E8E4CA094D7B}.Debug|x64.Build.0 = Debug|Any CPU
		{F75130EE-C03E-4D85-8705-E8E4CA094D7B}.Debug|x64.Deploy.0 = Debug|Any CPU
		{F75130EE-C03E-4D85-8705-E8E4CA094D7B}.Debug|x86.ActiveCfg = Debug|x86
		{F75130EE-C03E-4D85-8705-E8E4CA094D7B}.Debug|x86.Build.0 = Debug|x86
		{F75130EE-C03E-4D85-8705-E8E4CA094D7B}.Debug|x86.Deploy.0 = Debug|x86
		{F75130EE-C03E-4D85-8705-E8E4CA094D7B}.Release|Any CPU.ActiveCfg = Release|Any CPU
		{F75130EE-C03E-4D85-8705-E8E4CA094D7B}.Release|Any CPU.Build.0 = Release|Any CPU
		{F75130EE-C03E-4D85-8705-E8E4CA094D7B}.Release|Any CPU.Deploy.0 = Release|Any CPU
		{F75130EE-C03E-4D85-8705-E8E4CA094D7B}.Release|ARM.ActiveCfg = Release|ARM
		{F75130EE-C03E-4D85-8705-E8E4CA094D7B}.Release|ARM.Build.0 = Release|ARM
		{F75130EE-C03E-4D85-8705-E8E4CA094D7B}.Release|ARM.Deploy.0 = Release|ARM
		{F75130EE-C03E-4D85-8705-E8E4CA094D7B}.Release|iPhone.ActiveCfg = Release|Any CPU
		{F75130EE-C03E-4D85-8705-E8E4CA094D7B}.Release|iPhone.Build.0 = Release|Any CPU
		{F75130EE-C03E-4D85-8705-E8E4CA094D7B}.Release|iPhone.Deploy.0 = Release|Any CPU
		{F75130EE-C03E-4D85-8705-E8E4CA094D7B}.Release|iPhoneSimulator.ActiveCfg = Release|Any CPU
		{F75130EE-C03E-4D85-8705-E8E4CA094D7B}.Release|iPhoneSimulator.Build.0 = Release|Any CPU
		{F75130EE-C03E-4D85-8705-E8E4CA094D7B}.Release|iPhoneSimulator.Deploy.0 = Release|Any CPU
		{F75130EE-C03E-4D85-8705-E8E4CA094D7B}.Release|x64.ActiveCfg = Release|Any CPU
		{F75130EE-C03E-4D85-8705-E8E4CA094D7B}.Release|x64.Build.0 = Release|Any CPU
		{F75130EE-C03E-4D85-8705-E8E4CA094D7B}.Release|x64.Deploy.0 = Release|Any CPU
		{F75130EE-C03E-4D85-8705-E8E4CA094D7B}.Release|x86.ActiveCfg = Release|x86
		{F75130EE-C03E-4D85-8705-E8E4CA094D7B}.Release|x86.Build.0 = Release|x86
		{F75130EE-C03E-4D85-8705-E8E4CA094D7B}.Release|x86.Deploy.0 = Release|x86
		{404F442A-BE73-4CC2-BC2B-33F3061A690D}.Ad-Hoc|Any CPU.ActiveCfg = Release|Any CPU
		{404F442A-BE73-4CC2-BC2B-33F3061A690D}.Ad-Hoc|Any CPU.Build.0 = Release|Any CPU
		{404F442A-BE73-4CC2-BC2B-33F3061A690D}.Ad-Hoc|Any CPU.Deploy.0 = Release|Any CPU
		{404F442A-BE73-4CC2-BC2B-33F3061A690D}.Ad-Hoc|ARM.ActiveCfg = Release|ARM
		{404F442A-BE73-4CC2-BC2B-33F3061A690D}.Ad-Hoc|ARM.Build.0 = Release|ARM
		{404F442A-BE73-4CC2-BC2B-33F3061A690D}.Ad-Hoc|ARM.Deploy.0 = Release|ARM
		{404F442A-BE73-4CC2-BC2B-33F3061A690D}.Ad-Hoc|iPhone.ActiveCfg = Release|Any CPU
		{404F442A-BE73-4CC2-BC2B-33F3061A690D}.Ad-Hoc|iPhone.Build.0 = Release|Any CPU
		{404F442A-BE73-4CC2-BC2B-33F3061A690D}.Ad-Hoc|iPhone.Deploy.0 = Release|Any CPU
		{404F442A-BE73-4CC2-BC2B-33F3061A690D}.Ad-Hoc|iPhoneSimulator.ActiveCfg = Release|Any CPU
		{404F442A-BE73-4CC2-BC2B-33F3061A690D}.Ad-Hoc|iPhoneSimulator.Build.0 = Release|Any CPU
		{404F442A-BE73-4CC2-BC2B-33F3061A690D}.Ad-Hoc|iPhoneSimulator.Deploy.0 = Release|Any CPU
		{404F442A-BE73-4CC2-BC2B-33F3061A690D}.Ad-Hoc|x64.ActiveCfg = Release|x64
		{404F442A-BE73-4CC2-BC2B-33F3061A690D}.Ad-Hoc|x64.Build.0 = Release|x64
		{404F442A-BE73-4CC2-BC2B-33F3061A690D}.Ad-Hoc|x64.Deploy.0 = Release|x64
		{404F442A-BE73-4CC2-BC2B-33F3061A690D}.Ad-Hoc|x86.ActiveCfg = Release|x86
		{404F442A-BE73-4CC2-BC2B-33F3061A690D}.Ad-Hoc|x86.Build.0 = Release|x86
		{404F442A-BE73-4CC2-BC2B-33F3061A690D}.Ad-Hoc|x86.Deploy.0 = Release|x86
		{404F442A-BE73-4CC2-BC2B-33F3061A690D}.AppStore|Any CPU.ActiveCfg = Release|Any CPU
		{404F442A-BE73-4CC2-BC2B-33F3061A690D}.AppStore|Any CPU.Build.0 = Release|Any CPU
		{404F442A-BE73-4CC2-BC2B-33F3061A690D}.AppStore|Any CPU.Deploy.0 = Release|Any CPU
		{404F442A-BE73-4CC2-BC2B-33F3061A690D}.AppStore|ARM.ActiveCfg = Release|ARM
		{404F442A-BE73-4CC2-BC2B-33F3061A690D}.AppStore|ARM.Build.0 = Release|ARM
		{404F442A-BE73-4CC2-BC2B-33F3061A690D}.AppStore|ARM.Deploy.0 = Release|ARM
		{404F442A-BE73-4CC2-BC2B-33F3061A690D}.AppStore|iPhone.ActiveCfg = Release|Any CPU
		{404F442A-BE73-4CC2-BC2B-33F3061A690D}.AppStore|iPhone.Build.0 = Release|Any CPU
		{404F442A-BE73-4CC2-BC2B-33F3061A690D}.AppStore|iPhone.Deploy.0 = Release|Any CPU
		{404F442A-BE73-4CC2-BC2B-33F3061A690D}.AppStore|iPhoneSimulator.ActiveCfg = Release|Any CPU
		{404F442A-BE73-4CC2-BC2B-33F3061A690D}.AppStore|iPhoneSimulator.Build.0 = Release|Any CPU
		{404F442A-BE73-4CC2-BC2B-33F3061A690D}.AppStore|iPhoneSimulator.Deploy.0 = Release|Any CPU
		{404F442A-BE73-4CC2-BC2B-33F3061A690D}.AppStore|x64.ActiveCfg = Release|x64
		{404F442A-BE73-4CC2-BC2B-33F3061A690D}.AppStore|x64.Build.0 = Release|x64
		{404F442A-BE73-4CC2-BC2B-33F3061A690D}.AppStore|x64.Deploy.0 = Release|x64
		{404F442A-BE73-4CC2-BC2B-33F3061A690D}.AppStore|x86.ActiveCfg = Release|x86
		{404F442A-BE73-4CC2-BC2B-33F3061A690D}.AppStore|x86.Build.0 = Release|x86
		{404F442A-BE73-4CC2-BC2B-33F3061A690D}.AppStore|x86.Deploy.0 = Release|x86
		{404F442A-BE73-4CC2-BC2B-33F3061A690D}.Debug|Any CPU.ActiveCfg = Debug|Any CPU
		{404F442A-BE73-4CC2-BC2B-33F3061A690D}.Debug|Any CPU.Build.0 = Debug|Any CPU
		{404F442A-BE73-4CC2-BC2B-33F3061A690D}.Debug|Any CPU.Deploy.0 = Debug|Any CPU
		{404F442A-BE73-4CC2-BC2B-33F3061A690D}.Debug|ARM.ActiveCfg = Debug|ARM
		{404F442A-BE73-4CC2-BC2B-33F3061A690D}.Debug|ARM.Build.0 = Debug|ARM
		{404F442A-BE73-4CC2-BC2B-33F3061A690D}.Debug|ARM.Deploy.0 = Debug|ARM
		{404F442A-BE73-4CC2-BC2B-33F3061A690D}.Debug|iPhone.ActiveCfg = Debug|Any CPU
		{404F442A-BE73-4CC2-BC2B-33F3061A690D}.Debug|iPhone.Build.0 = Debug|Any CPU
		{404F442A-BE73-4CC2-BC2B-33F3061A690D}.Debug|iPhone.Deploy.0 = Debug|Any CPU
		{404F442A-BE73-4CC2-BC2B-33F3061A690D}.Debug|iPhoneSimulator.ActiveCfg = Debug|Any CPU
		{404F442A-BE73-4CC2-BC2B-33F3061A690D}.Debug|iPhoneSimulator.Build.0 = Debug|Any CPU
		{404F442A-BE73-4CC2-BC2B-33F3061A690D}.Debug|iPhoneSimulator.Deploy.0 = Debug|Any CPU
		{404F442A-BE73-4CC2-BC2B-33F3061A690D}.Debug|x64.ActiveCfg = Debug|x64
		{404F442A-BE73-4CC2-BC2B-33F3061A690D}.Debug|x64.Build.0 = Debug|x64
		{404F442A-BE73-4CC2-BC2B-33F3061A690D}.Debug|x64.Deploy.0 = Debug|x64
		{404F442A-BE73-4CC2-BC2B-33F3061A690D}.Debug|x86.ActiveCfg = Debug|x86
		{404F442A-BE73-4CC2-BC2B-33F3061A690D}.Debug|x86.Build.0 = Debug|x86
		{404F442A-BE73-4CC2-BC2B-33F3061A690D}.Debug|x86.Deploy.0 = Debug|x86
		{404F442A-BE73-4CC2-BC2B-33F3061A690D}.Release|Any CPU.ActiveCfg = Release|Any CPU
		{404F442A-BE73-4CC2-BC2B-33F3061A690D}.Release|Any CPU.Build.0 = Release|Any CPU
		{404F442A-BE73-4CC2-BC2B-33F3061A690D}.Release|Any CPU.Deploy.0 = Release|Any CPU
		{404F442A-BE73-4CC2-BC2B-33F3061A690D}.Release|ARM.ActiveCfg = Release|ARM
		{404F442A-BE73-4CC2-BC2B-33F3061A690D}.Release|ARM.Build.0 = Release|ARM
		{404F442A-BE73-4CC2-BC2B-33F3061A690D}.Release|ARM.Deploy.0 = Release|ARM
		{404F442A-BE73-4CC2-BC2B-33F3061A690D}.Release|iPhone.ActiveCfg = Release|Any CPU
		{404F442A-BE73-4CC2-BC2B-33F3061A690D}.Release|iPhone.Build.0 = Release|Any CPU
		{404F442A-BE73-4CC2-BC2B-33F3061A690D}.Release|iPhone.Deploy.0 = Release|Any CPU
		{404F442A-BE73-4CC2-BC2B-33F3061A690D}.Release|iPhoneSimulator.ActiveCfg = Release|Any CPU
		{404F442A-BE73-4CC2-BC2B-33F3061A690D}.Release|iPhoneSimulator.Build.0 = Release|Any CPU
		{404F442A-BE73-4CC2-BC2B-33F3061A690D}.Release|iPhoneSimulator.Deploy.0 = Release|Any CPU
		{404F442A-BE73-4CC2-BC2B-33F3061A690D}.Release|x64.ActiveCfg = Release|x64
		{404F442A-BE73-4CC2-BC2B-33F3061A690D}.Release|x64.Build.0 = Release|x64
		{404F442A-BE73-4CC2-BC2B-33F3061A690D}.Release|x64.Deploy.0 = Release|x64
		{404F442A-BE73-4CC2-BC2B-33F3061A690D}.Release|x86.ActiveCfg = Release|x86
		{404F442A-BE73-4CC2-BC2B-33F3061A690D}.Release|x86.Build.0 = Release|x86
		{404F442A-BE73-4CC2-BC2B-33F3061A690D}.Release|x86.Deploy.0 = Release|x86
	EndGlobalSection
	GlobalSection(SolutionProperties) = preSolution
		HideSolutionNode = FALSE
	EndGlobalSection
EndGlobal
